
Microsoft Visual Studio Solution File, Format Version 12.00
# Visual Studio Version 16
VisualStudioVersion = 16.0.31729.503
MinimumVisualStudioVersion = 10.0.40219.1
Project("{FAE04EC0-301F-11D3-BF4B-00C04F79EFBC}") = "SuperHeroDB.Server", "SuperHeroDB\Server\SuperHeroDB.Server.csproj", "{A9BA1352-F567-4FDA-A7DE-2B84C7E67E7B}"
EndProject
Project("{FAE04EC0-301F-11D3-BF4B-00C04F79EFBC}") = "SuperHeroDB.Client", "SuperHeroDB\Client\SuperHeroDB.Client.csproj", "{5BBA4677-71A5-4790-AA1E-2B0B029DF63E}"
EndProject
Project("{FAE04EC0-301F-11D3-BF4B-00C04F79EFBC}") = "SuperHeroDB.Shared", "SuperHeroDB\Shared\SuperHeroDB.Shared.csproj", "{98924E16-F581-4DA2-ACDC-592F04475D94}"
EndProject
Global
	GlobalSection(SolutionConfigurationPlatforms) = preSolution
		Debug|Any CPU = Debug|Any CPU
		Release|Any CPU = Release|Any CPU
	EndGlobalSection
	GlobalSection(ProjectConfigurationPlatforms) = postSolution
		{A9BA1352-F567-4FDA-A7DE-2B84C7E67E7B}.Debug|Any CPU.ActiveCfg = Debug|Any CPU
		{A9BA1352-F567-4FDA-A7DE-2B84C7E67E7B}.Debug|Any CPU.Build.0 = Debug|Any CPU
		{A9BA1352-F567-4FDA-A7DE-2B84C7E67E7B}.Release|Any CPU.ActiveCfg = Release|Any CPU
		{A9BA1352-F567-4FDA-A7DE-2B84C7E67E7B}.Release|Any CPU.Build.0 = Release|Any CPU
		{5BBA4677-71A5-4790-AA1E-2B0B029DF63E}.Debug|Any CPU.ActiveCfg = Debug|Any CPU
		{5BBA4677-71A5-4790-AA1E-2B0B029DF63E}.Debug|Any CPU.Build.0 = Debug|Any CPU
		{5BBA4677-71A5-4790-AA1E-2B0B029DF63E}.Release|Any CPU.ActiveCfg = Release|Any CPU
		{5BBA4677-71A5-4790-AA1E-2B0B029DF63E}.Release|Any CPU.Build.0 = Release|Any CPU
		{98924E16-F581-4DA2-ACDC-592F04475D94}.Debug|Any CPU.ActiveCfg = Debug|Any CPU
		{98924E16-F581-4DA2-ACDC-592F04475D94}.Debug|Any CPU.Build.0 = Debug|Any CPU
		{98924E16-F581-4DA2-ACDC-592F04475D94}.Release|Any CPU.ActiveCfg = Release|Any CPU
		{98924E16-F581-4DA2-ACDC-592F04475D94}.Release|Any CPU.Build.0 = Release|Any CPU
	EndGlobalSection
	GlobalSection(SolutionProperties) = preSolution
		HideSolutionNode = FALSE
	EndGlobalSection
	GlobalSection(ExtensibilityGlobals) = postSolution
		SolutionGuid = {6C7E74A0-BEE4-4801-B922-927FFD63FDD2}
	EndGlobalSection
EndGlobal
