
Microsoft Visual Studio Solution File, Format Version 12.00
# Visual Studio Version 16
VisualStudioVersion = 16.0.31729.503
MinimumVisualStudioVersion = 10.0.40219.1
Project("{FAE04EC0-301F-11D3-BF4B-00C04F79EFBC}") = "Documentation.Server", "Documentation\Server\Documentation.Server.csproj", "{0A9F403C-0C3D-4777-8041-FC44D7049C17}"
EndProject
Project("{FAE04EC0-301F-11D3-BF4B-00C04F79EFBC}") = "Documentation.Client", "Documentation\Client\Documentation.Client.csproj", "{B1D48DF4-733F-4E37-888E-E7C0E71E5AE1}"
EndProject
Project("{FAE04EC0-301F-11D3-BF4B-00C04F79EFBC}") = "Documentation.Shared", "Documentation\Shared\Documentation.Shared.csproj", "{286814BB-1A45-4F6A-8A16-ECFDF3B0E8BF}"
EndProject
Global
	GlobalSection(SolutionConfigurationPlatforms) = preSolution
		Debug|Any CPU = Debug|Any CPU
		Release|Any CPU = Release|Any CPU
	EndGlobalSection
	GlobalSection(ProjectConfigurationPlatforms) = postSolution
		{0A9F403C-0C3D-4777-8041-FC44D7049C17}.Debug|Any CPU.ActiveCfg = Debug|Any CPU
		{0A9F403C-0C3D-4777-8041-FC44D7049C17}.Debug|Any CPU.Build.0 = Debug|Any CPU
		{0A9F403C-0C3D-4777-8041-FC44D7049C17}.Release|Any CPU.ActiveCfg = Release|Any CPU
		{0A9F403C-0C3D-4777-8041-FC44D7049C17}.Release|Any CPU.Build.0 = Release|Any CPU
		{B1D48DF4-733F-4E37-888E-E7C0E71E5AE1}.Debug|Any CPU.ActiveCfg = Debug|Any CPU
		{B1D48DF4-733F-4E37-888E-E7C0E71E5AE1}.Debug|Any CPU.Build.0 = Debug|Any CPU
		{B1D48DF4-733F-4E37-888E-E7C0E71E5AE1}.Release|Any CPU.ActiveCfg = Release|Any CPU
		{B1D48DF4-733F-4E37-888E-E7C0E71E5AE1}.Release|Any CPU.Build.0 = Release|Any CPU
		{286814BB-1A45-4F6A-8A16-ECFDF3B0E8BF}.Debug|Any CPU.ActiveCfg = Debug|Any CPU
		{286814BB-1A45-4F6A-8A16-ECFDF3B0E8BF}.Debug|Any CPU.Build.0 = Debug|Any CPU
		{286814BB-1A45-4F6A-8A16-ECFDF3B0E8BF}.Release|Any CPU.ActiveCfg = Release|Any CPU
		{286814BB-1A45-4F6A-8A16-ECFDF3B0E8BF}.Release|Any CPU.Build.0 = Release|Any CPU
	EndGlobalSection
	GlobalSection(SolutionProperties) = preSolution
		HideSolutionNode = FALSE
	EndGlobalSection
	GlobalSection(ExtensibilityGlobals) = postSolution
		SolutionGuid = {D5868EF2-041F-44AD-BDE8-06C50F2349AB}
	EndGlobalSection
EndGlobal
