
Microsoft Visual Studio Solution File, Format Version 12.00
# Visual Studio Version 16
VisualStudioVersion = 16.0.31729.503
MinimumVisualStudioVersion = 10.0.40219.1
Project("{FAE04EC0-301F-11D3-BF4B-00C04F79EFBC}") = "WpfApp1", "WpfApp1\WpfApp1.csproj", "{5747AAA1-59C1-45FA-A027-296EAA7AE69C}"
EndProject
Global
	GlobalSection(SolutionConfigurationPlatforms) = preSolution
		Debug|Any CPU = Debug|Any CPU
		Release|Any CPU = Release|Any CPU
	EndGlobalSection
	GlobalSection(ProjectConfigurationPlatforms) = postSolution
		{5747AAA1-59C1-45FA-A027-296EAA7AE69C}.Debug|Any CPU.ActiveCfg = Debug|Any CPU
		{5747AAA1-59C1-45FA-A027-296EAA7AE69C}.Debug|Any CPU.Build.0 = Debug|Any CPU
		{5747AAA1-59C1-45FA-A027-296EAA7AE69C}.Release|Any CPU.ActiveCfg = Release|Any CPU
		{5747AAA1-59C1-45FA-A027-296EAA7AE69C}.Release|Any CPU.Build.0 = Release|Any CPU
	EndGlobalSection
	GlobalSection(SolutionProperties) = preSolution
		HideSolutionNode = FALSE
	EndGlobalSection
	GlobalSection(ExtensibilityGlobals) = postSolution
		SolutionGuid = {62EB88E0-8B49-4528-B3F5-90BB5774436D}
	EndGlobalSection
EndGlobal
